# This file was autogenerated by Stack.
# You should not edit this file by hand.
# For more information, please see the documentation at:
#   https://docs.haskellstack.org/en/stable/lock_files

packages:
- completed:
    hackage: http-api-data-0.2.4@sha256:d940fc355cb09e4d18d54fe852bb8fd5ad45104d3c84836dd6667260e24a8a14,1894
    pantry-tree:
      size: 505
      sha256: a24a001591359ae526de29eef9107f87fd540442193da5753458ec3620e6215e
  original:
    hackage: http-api-data-0.2.4@sha256:d940fc355cb09e4d18d54fe852bb8fd5ad45104d3c84836dd6667260e24a8a14,1894
- completed:
    hackage: servant-0.8.1@sha256:03dde6e70749cf8b0f8474ec3f0ccf93525add8c1413138303f1b6b86e749249,4076
    pantry-tree:
      size: 2060
      sha256: eb0eb74cc7dc546cb4bc9718cbf3c9fd2907d9bd624db7f7c8c871ec7d5072ed
  original:
    hackage: servant-0.8.1@sha256:03dde6e70749cf8b0f8474ec3f0ccf93525add8c1413138303f1b6b86e749249,4076
- completed:
    hackage: servant-client-0.8.1@sha256:c24a3b56e235afd533c75193dd4b245f99e09b7708b730dd74b169de051bca5a,2977
    pantry-tree:
      size: 871
      sha256: edc907bf8f4d6ca93010478b8ea2ad6280951fe57223733fb3178631b45f3b4e
  original:
    hackage: servant-client-0.8.1@sha256:c24a3b56e235afd533c75193dd4b245f99e09b7708b730dd74b169de051bca5a,2977
- completed:
    hackage: servant-server-0.8.1@sha256:04f76a33facd666ac6466090efe8cdc50ae55cb9833fd0795fa7ddcba726414e,4577
    pantry-tree:
      size: 1957
      sha256: b9195b3d13997072d58b6a4fc11746e7379a09a81e671602f6a46a919b12ffd7
  original:
    hackage: servant-server-0.8.1@sha256:04f76a33facd666ac6466090efe8cdc50ae55cb9833fd0795fa7ddcba726414e,4577
- completed:
    size: 22417
    url: https://github.com/unhappychoice/bitmex-servant/archive/7ab063c.tar.gz
    cabal-file:
      size: 1252
      sha256: a976ab684275d0a934cd30a917bcce3b8225a2eb22b74b3fc9ed549be5160742
    name: bitmex-servant
    version: 0.1.0.0
    sha256: 01bf0edc5b6e7ff24bd876854206e4ff5f1ded0fc7a7ef26e9b0ab6efbeae089
    pantry-tree:
      size: 704
      sha256: e8a1c9fe799ca4a67cc291965231671f16a37ff507251fd7bbad154f64301181
  original:
    url: https://github.com/unhappychoice/bitmex-servant/archive/7ab063c.tar.gz
snapshots:
- completed:
    size: 485383
    url: https://raw.githubusercontent.com/commercialhaskell/stackage-snapshots/master/lts/8/5.yaml
    sha256: ce27580e6a281a871f8c9e6aea1b79c176232206d5c182623b02b160f19527b4
  original: lts-8.5
